
Microsoft Visual Studio Solution File, Format Version 12.00
# Visual Studio 15
VisualStudioVersion = 15.0.26430.14
MinimumVisualStudioVersion = 10.0.40219.1
Project("{FAE04EC0-301F-11D3-BF4B-00C04F79EFBC}") = "SimpleCoreApp", "SimpleCoreApp\SimpleCoreApp.csproj", "{FB8B92F3-7270-4BB9-99F5-EE225D962FE2}"
EndProject
Global
	GlobalSection(SolutionConfigurationPlatforms) = preSolution
		Debug|Any CPU = Debug|Any CPU
		Release|Any CPU = Release|Any CPU
	EndGlobalSection
	GlobalSection(ProjectConfigurationPlatforms) = postSolution
		{FB8B92F3-7270-4BB9-99F5-EE225D962FE2}.Debug|Any CPU.ActiveCfg = Debug|Any CPU
		{FB8B92F3-7270-4BB9-99F5-EE225D962FE2}.Debug|Any CPU.Build.0 = Debug|Any CPU
		{FB8B92F3-7270-4BB9-99F5-EE225D962FE2}.Release|Any CPU.ActiveCfg = Release|Any CPU
		{FB8B92F3-7270-4BB9-99F5-EE225D962FE2}.Release|Any CPU.Build.0 = Release|Any CPU
	EndGlobalSection
	GlobalSection(SolutionProperties) = preSolution
		HideSolutionNode = FALSE
	EndGlobalSection
EndGlobal
